
Microsoft Visual Studio Solution File, Format Version 12.00
# Visual Studio Version 17
VisualStudioVersion = 17.7.34302.85
MinimumVisualStudioVersion = 10.0.40219.1
Project("{8BC9CEB8-8B4A-11D0-8D11-00A0C91BC942}") = "PG3_04_01", "PG3_04_01.vcxproj", "{8B52CC2F-C9DD-451F-A93F-987544A3BFE7}"
EndProject
Global
	GlobalSection(SolutionConfigurationPlatforms) = preSolution
		Debug|x64 = Debug|x64
		Release|x64 = Release|x64
	EndGlobalSection
	GlobalSection(ProjectConfigurationPlatforms) = postSolution
		{8B52CC2F-C9DD-451F-A93F-987544A3BFE7}.Debug|x64.ActiveCfg = Debug|x64
		{8B52CC2F-C9DD-451F-A93F-987544A3BFE7}.Debug|x64.Build.0 = Debug|x64
		{8B52CC2F-C9DD-451F-A93F-987544A3BFE7}.Release|x64.ActiveCfg = Release|x64
		{8B52CC2F-C9DD-451F-A93F-987544A3BFE7}.Release|x64.Build.0 = Release|x64
	EndGlobalSection
	GlobalSection(SolutionProperties) = preSolution
		HideSolutionNode = FALSE
	EndGlobalSection
	GlobalSection(ExtensibilityGlobals) = postSolution
		SolutionGuid = {B46DADDB-ACF3-46C0-A85A-B286E666AF1E}
	EndGlobalSection
EndGlobal
